// !$*UTF8*$!
{
	archiveVersion = 1;
	classes = {
	};
	objectVersion = 56;
	objects = {

/* Begin PBXBuildFile section */
		501E95A42A7AC36900EF598D /* UAlerts_EmgyKitApp.swift in Sources */ = {isa = PBXBuildFile; fileRef = 501E95A32A7AC36900EF598D /* UAlerts_EmgyKitApp.swift */; };
		501E95A62A7AC36900EF598D /* ContentView.swift in Sources */ = {isa = PBXBuildFile; fileRef = 501E95A52A7AC36900EF598D /* ContentView.swift */; };
		501E95A82A7AC36F00EF598D /* Assets.xcassets in Resources */ = {isa = PBXBuildFile; fileRef = 501E95A72A7AC36F00EF598D /* Assets.xcassets */; };
		501E95AC2A7AC36F00EF598D /* Preview Assets.xcassets in Resources */ = {isa = PBXBuildFile; fileRef = 501E95AB2A7AC36F00EF598D /* Preview Assets.xcassets */; };
		501E95B92A7AC40500EF598D /* WidgetKit.framework in Frameworks */ = {isa = PBXBuildFile; fileRef = 501E95B82A7AC40500EF598D /* WidgetKit.framework */; };
		501E95BB2A7AC40500EF598D /* SwiftUI.framework in Frameworks */ = {isa = PBXBuildFile; fileRef = 501E95BA2A7AC40500EF598D /* SwiftUI.framework */; };
		501E95BE2A7AC40500EF598D /* EmgyLiveBundle.swift in Sources */ = {isa = PBXBuildFile; fileRef = 501E95BD2A7AC40500EF598D /* EmgyLiveBundle.swift */; };
		501E95C02A7AC40500EF598D /* EmgyLiveLiveActivity.swift in Sources */ = {isa = PBXBuildFile; fileRef = 501E95BF2A7AC40500EF598D /* EmgyLiveLiveActivity.swift */; };
		501E95C22A7AC40500EF598D /* EmgyLive.swift in Sources */ = {isa = PBXBuildFile; fileRef = 501E95C12A7AC40500EF598D /* EmgyLive.swift */; };
		501E95C42A7AC40500EF598D /* AppIntent.swift in Sources */ = {isa = PBXBuildFile; fileRef = 501E95C32A7AC40500EF598D /* AppIntent.swift */; };
		501E95C62A7AC40B00EF598D /* Assets.xcassets in Resources */ = {isa = PBXBuildFile; fileRef = 501E95C52A7AC40B00EF598D /* Assets.xcassets */; };
		501E95CA2A7AC40B00EF598D /* EmgyLiveExtension.appex in Embed Foundation Extensions */ = {isa = PBXBuildFile; fileRef = 501E95B62A7AC40500EF598D /* EmgyLiveExtension.appex */; settings = {ATTRIBUTES = (RemoveHeadersOnCopy, ); }; };
/* End PBXBuildFile section */

/* Begin PBXContainerItemProxy section */
		501E95C82A7AC40B00EF598D /* PBXContainerItemProxy */ = {
			isa = PBXContainerItemProxy;
			containerPortal = 501E95982A7AC36900EF598D /* Project object */;
			proxyType = 1;
			remoteGlobalIDString = 501E95B52A7AC40500EF598D;
			remoteInfo = EmgyLiveExtension;
		};
/* End PBXContainerItemProxy section */

/* Begin PBXCopyFilesBuildPhase section */
		501E95CE2A7AC40B00EF598D /* Embed Foundation Extensions */ = {
			isa = PBXCopyFilesBuildPhase;
			buildActionMask = 2147483647;
			dstPath = "";
			dstSubfolderSpec = 13;
			files = (
				501E95CA2A7AC40B00EF598D /* EmgyLiveExtension.appex in Embed Foundation Extensions */,
			);
			name = "Embed Foundation Extensions";
			runOnlyForDeploymentPostprocessing = 0;
		};
/* End PBXCopyFilesBuildPhase section */

/* Begin PBXFileReference section */
		501E95A02A7AC36900EF598D /* UAlerts EmgyKit.app */ = {isa = PBXFileReference; explicitFileType = wrapper.application; includeInIndex = 0; path = "UAlerts EmgyKit.app"; sourceTree = BUILT_PRODUCTS_DIR; };
		501E95A32A7AC36900EF598D /* UAlerts_EmgyKitApp.swift */ = {isa = PBXFileReference; lastKnownFileType = sourcecode.swift; path = UAlerts_EmgyKitApp.swift; sourceTree = "<group>"; };
		501E95A52A7AC36900EF598D /* ContentView.swift */ = {isa = PBXFileReference; lastKnownFileType = sourcecode.swift; path = ContentView.swift; sourceTree = "<group>"; };
		501E95A72A7AC36F00EF598D /* Assets.xcassets */ = {isa = PBXFileReference; lastKnownFileType = folder.assetcatalog; path = Assets.xcassets; sourceTree = "<group>"; };
		501E95A92A7AC36F00EF598D /* UAlerts_EmgyKit.entitlements */ = {isa = PBXFileReference; lastKnownFileType = text.plist.entitlements; path = UAlerts_EmgyKit.entitlements; sourceTree = "<group>"; };
		501E95AB2A7AC36F00EF598D /* Preview Assets.xcassets */ = {isa = PBXFileReference; lastKnownFileType = folder.assetcatalog; path = "Preview Assets.xcassets"; sourceTree = "<group>"; };
		501E95B62A7AC40500EF598D /* EmgyLiveExtension.appex */ = {isa = PBXFileReference; explicitFileType = "wrapper.app-extension"; includeInIndex = 0; path = EmgyLiveExtension.appex; sourceTree = BUILT_PRODUCTS_DIR; };
		501E95B82A7AC40500EF598D /* WidgetKit.framework */ = {isa = PBXFileReference; lastKnownFileType = wrapper.framework; name = WidgetKit.framework; path = System/Library/Frameworks/WidgetKit.framework; sourceTree = SDKROOT; };
		501E95BA2A7AC40500EF598D /* SwiftUI.framework */ = {isa = PBXFileReference; lastKnownFileType = wrapper.framework; name = SwiftUI.framework; path = System/Library/Frameworks/SwiftUI.framework; sourceTree = SDKROOT; };
		501E95BD2A7AC40500EF598D /* EmgyLiveBundle.swift */ = {isa = PBXFileReference; lastKnownFileType = sourcecode.swift; path = EmgyLiveBundle.swift; sourceTree = "<group>"; };
		501E95BF2A7AC40500EF598D /* EmgyLiveLiveActivity.swift */ = {isa = PBXFileReference; lastKnownFileType = sourcecode.swift; path = EmgyLiveLiveActivity.swift; sourceTree = "<group>"; };
		501E95C12A7AC40500EF598D /* EmgyLive.swift */ = {isa = PBXFileReference; lastKnownFileType = sourcecode.swift; path = EmgyLive.swift; sourceTree = "<group>"; };
		501E95C32A7AC40500EF598D /* AppIntent.swift */ = {isa = PBXFileReference; lastKnownFileType = sourcecode.swift; path = AppIntent.swift; sourceTree = "<group>"; };
		501E95C52A7AC40B00EF598D /* Assets.xcassets */ = {isa = PBXFileReference; lastKnownFileType = folder.assetcatalog; path = Assets.xcassets; sourceTree = "<group>"; };
		501E95C72A7AC40B00EF598D /* Info.plist */ = {isa = PBXFileReference; lastKnownFileType = text.plist.xml; path = Info.plist; sourceTree = "<group>"; };
/* End PBXFileReference section */

/* Begin PBXFrameworksBuildPhase section */
		501E959D2A7AC36900EF598D /* Frameworks */ = {
			isa = PBXFrameworksBuildPhase;
			buildActionMask = 2147483647;
			files = (
			);
			runOnlyForDeploymentPostprocessing = 0;
		};
		501E95B32A7AC40500EF598D /* Frameworks */ = {
			isa = PBXFrameworksBuildPhase;
			buildActionMask = 2147483647;
			files = (
				501E95BB2A7AC40500EF598D /* SwiftUI.framework in Frameworks */,
				501E95B92A7AC40500EF598D /* WidgetKit.framework in Frameworks */,
			);
			runOnlyForDeploymentPostprocessing = 0;
		};
/* End PBXFrameworksBuildPhase section */

/* Begin PBXGroup section */
		501E95972A7AC36900EF598D = {
			isa = PBXGroup;
			children = (
				501E95A22A7AC36900EF598D /* UAlerts EmgyKit */,
				501E95BC2A7AC40500EF598D /* EmgyLive */,
				501E95B72A7AC40500EF598D /* Frameworks */,
				501E95A12A7AC36900EF598D /* Products */,
			);
			sourceTree = "<group>";
		};
		501E95A12A7AC36900EF598D /* Products */ = {
			isa = PBXGroup;
			children = (
				501E95A02A7AC36900EF598D /* UAlerts EmgyKit.app */,
				501E95B62A7AC40500EF598D /* EmgyLiveExtension.appex */,
			);
			name = Products;
			sourceTree = "<group>";
		};
		501E95A22A7AC36900EF598D /* UAlerts EmgyKit */ = {
			isa = PBXGroup;
			children = (
				501E95A32A7AC36900EF598D /* UAlerts_EmgyKitApp.swift */,
				501E95A52A7AC36900EF598D /* ContentView.swift */,
				501E95A72A7AC36F00EF598D /* Assets.xcassets */,
				501E95A92A7AC36F00EF598D /* UAlerts_EmgyKit.entitlements */,
				501E95AA2A7AC36F00EF598D /* Preview Content */,
			);
			path = "UAlerts EmgyKit";
			sourceTree = "<group>";
		};
		501E95AA2A7AC36F00EF598D /* Preview Content */ = {
			isa = PBXGroup;
			children = (
				501E95AB2A7AC36F00EF598D /* Preview Assets.xcassets */,
			);
			path = "Preview Content";
			sourceTree = "<group>";
		};
		501E95B72A7AC40500EF598D /* Frameworks */ = {
			isa = PBXGroup;
			children = (
				501E95B82A7AC40500EF598D /* WidgetKit.framework */,
				501E95BA2A7AC40500EF598D /* SwiftUI.framework */,
			);
			name = Frameworks;
			sourceTree = "<group>";
		};
		501E95BC2A7AC40500EF598D /* EmgyLive */ = {
			isa = PBXGroup;
			children = (
				501E95BD2A7AC40500EF598D /* EmgyLiveBundle.swift */,
				501E95BF2A7AC40500EF598D /* EmgyLiveLiveActivity.swift */,
				501E95C12A7AC40500EF598D /* EmgyLive.swift */,
				501E95C32A7AC40500EF598D /* AppIntent.swift */,
				501E95C52A7AC40B00EF598D /* Assets.xcassets */,
				501E95C72A7AC40B00EF598D /* Info.plist */,
			);
			path = EmgyLive;
			sourceTree = "<group>";
		};
/* End PBXGroup section */

/* Begin PBXNativeTarget section */
		501E959F2A7AC36900EF598D /* UAlerts EmgyKit */ = {
			isa = PBXNativeTarget;
			buildConfigurationList = 501E95AF2A7AC36F00EF598D /* Build configuration list for PBXNativeTarget "UAlerts EmgyKit" */;
			buildPhases = (
				501E959C2A7AC36900EF598D /* Sources */,
				501E959D2A7AC36900EF598D /* Frameworks */,
				501E959E2A7AC36900EF598D /* Resources */,
				501E95CE2A7AC40B00EF598D /* Embed Foundation Extensions */,
			);
			buildRules = (
			);
			dependencies = (
				501E95C92A7AC40B00EF598D /* PBXTargetDependency */,
			);
			name = "UAlerts EmgyKit";
			productName = "UAlerts EmgyKit";
			productReference = 501E95A02A7AC36900EF598D /* UAlerts EmgyKit.app */;
			productType = "com.apple.product-type.application";
		};
		501E95B52A7AC40500EF598D /* EmgyLiveExtension */ = {
			isa = PBXNativeTarget;
			buildConfigurationList = 501E95CB2A7AC40B00EF598D /* Build configuration list for PBXNativeTarget "EmgyLiveExtension" */;
			buildPhases = (
				501E95B22A7AC40500EF598D /* Sources */,
				501E95B32A7AC40500EF598D /* Frameworks */,
				501E95B42A7AC40500EF598D /* Resources */,
			);
			buildRules = (
			);
			dependencies = (
			);
			name = EmgyLiveExtension;
			productName = EmgyLiveExtension;
			productReference = 501E95B62A7AC40500EF598D /* EmgyLiveExtension.appex */;
			productType = "com.apple.product-type.app-extension";
		};
/* End PBXNativeTarget section */

/* Begin PBXProject section */
		501E95982A7AC36900EF598D /* Project object */ = {
			isa = PBXProject;
			attributes = {
				BuildIndependentTargetsInParallel = 1;
				LastSwiftUpdateCheck = 1500;
				LastUpgradeCheck = 1500;
				TargetAttributes = {
					501E959F2A7AC36900EF598D = {
						CreatedOnToolsVersion = 15.0;
					};
					501E95B52A7AC40500EF598D = {
						CreatedOnToolsVersion = 15.0;
					};
				};
			};
			buildConfigurationList = 501E959B2A7AC36900EF598D /* Build configuration list for PBXProject "UAlerts EmgyKit" */;
			compatibilityVersion = "Xcode 14.0";
			developmentRegion = en;
			hasScannedForEncodings = 0;
			knownRegions = (
				en,
				Base,
			);
			mainGroup = 501E95972A7AC36900EF598D;
			productRefGroup = 501E95A12A7AC36900EF598D /* Products */;
			projectDirPath = "";
			projectRoot = "";
			targets = (
				501E959F2A7AC36900EF598D /* UAlerts EmgyKit */,
				501E95B52A7AC40500EF598D /* EmgyLiveExtension */,
			);
		};
/* End PBXProject section */

/* Begin PBXResourcesBuildPhase section */
		501E959E2A7AC36900EF598D /* Resources */ = {
			isa = PBXResourcesBuildPhase;
			buildActionMask = 2147483647;
			files = (
				501E95AC2A7AC36F00EF598D /* Preview Assets.xcassets in Resources */,
				501E95A82A7AC36F00EF598D /* Assets.xcassets in Resources */,
			);
			runOnlyForDeploymentPostprocessing = 0;
		};
		501E95B42A7AC40500EF598D /* Resources */ = {
			isa = PBXResourcesBuildPhase;
			buildActionMask = 2147483647;
			files = (
				501E95C62A7AC40B00EF598D /* Assets.xcassets in Resources */,
			);
			runOnlyForDeploymentPostprocessing = 0;
		};
/* End PBXResourcesBuildPhase section */

/* Begin PBXSourcesBuildPhase section */
		501E959C2A7AC36900EF598D /* Sources */ = {
			isa = PBXSourcesBuildPhase;
			buildActionMask = 2147483647;
			files = (
				501E95A62A7AC36900EF598D /* ContentView.swift in Sources */,
				501E95A42A7AC36900EF598D /* UAlerts_EmgyKitApp.swift in Sources */,
			);
			runOnlyForDeploymentPostprocessing = 0;
		};
		501E95B22A7AC40500EF598D /* Sources */ = {
			isa = PBXSourcesBuildPhase;
			buildActionMask = 2147483647;
			files = (
				501E95C02A7AC40500EF598D /* EmgyLiveLiveActivity.swift in Sources */,
				501E95C42A7AC40500EF598D /* AppIntent.swift in Sources */,
				501E95C22A7AC40500EF598D /* EmgyLive.swift in Sources */,
				501E95BE2A7AC40500EF598D /* EmgyLiveBundle.swift in Sources */,
			);
			runOnlyForDeploymentPostprocessing = 0;
		};
/* End PBXSourcesBuildPhase section */

/* Begin PBXTargetDependency section */
		501E95C92A7AC40B00EF598D /* PBXTargetDependency */ = {
			isa = PBXTargetDependency;
			target = 501E95B52A7AC40500EF598D /* EmgyLiveExtension */;
			targetProxy = 501E95C82A7AC40B00EF598D /* PBXContainerItemProxy */;
		};
/* End PBXTargetDependency section */

/* Begin XCBuildConfiguration section */
		501E95AD2A7AC36F00EF598D /* Debug */ = {
			isa = XCBuildConfiguration;
			buildSettings = {
				ALWAYS_SEARCH_USER_PATHS = NO;
				ASSETCATALOG_COMPILER_GENERATE_SWIFT_ASSET_SYMBOL_EXTENSIONS = YES;
				CLANG_ANALYZER_NONNULL = YES;
				CLANG_ANALYZER_NUMBER_OBJECT_CONVERSION = YES_AGGRESSIVE;
				CLANG_CXX_LANGUAGE_STANDARD = "gnu++20";
				CLANG_ENABLE_MODULES = YES;
				CLANG_ENABLE_OBJC_ARC = YES;
				CLANG_ENABLE_OBJC_WEAK = YES;
				CLANG_WARN_BLOCK_CAPTURE_AUTORELEASING = YES;
				CLANG_WARN_BOOL_CONVERSION = YES;
				CLANG_WARN_COMMA = YES;
				CLANG_WARN_CONSTANT_CONVERSION = YES;
				CLANG_WARN_DEPRECATED_OBJC_IMPLEMENTATIONS = YES;
				CLANG_WARN_DIRECT_OBJC_ISA_USAGE = YES_ERROR;
				CLANG_WARN_DOCUMENTATION_COMMENTS = YES;
				CLANG_WARN_EMPTY_BODY = YES;
				CLANG_WARN_ENUM_CONVERSION = YES;
				CLANG_WARN_INFINITE_RECURSION = YES;
				CLANG_WARN_INT_CONVERSION = YES;
				CLANG_WARN_NON_LITERAL_NULL_CONVERSION = YES;
				CLANG_WARN_OBJC_IMPLICIT_RETAIN_SELF = YES;
				CLANG_WARN_OBJC_LITERAL_CONVERSION = YES;
				CLANG_WARN_OBJC_ROOT_CLASS = YES_ERROR;
				CLANG_WARN_QUOTED_INCLUDE_IN_FRAMEWORK_HEADER = YES;
				CLANG_WARN_RANGE_LOOP_ANALYSIS = YES;
				CLANG_WARN_STRICT_PROTOTYPES = YES;
				CLANG_WARN_SUSPICIOUS_MOVE = YES;
				CLANG_WARN_UNGUARDED_AVAILABILITY = YES_AGGRESSIVE;
				CLANG_WARN_UNREACHABLE_CODE = YES;
				CLANG_WARN__DUPLICATE_METHOD_MATCH = YES;
				COPY_PHASE_STRIP = NO;
				DEBUG_INFORMATION_FORMAT = dwarf;
				ENABLE_STRICT_OBJC_MSGSEND = YES;
				ENABLE_TESTABILITY = YES;
				ENABLE_USER_SCRIPT_SANDBOXING = YES;
				GCC_C_LANGUAGE_STANDARD = gnu17;
				GCC_DYNAMIC_NO_PIC = NO;
				GCC_NO_COMMON_BLOCKS = YES;
				GCC_OPTIMIZATION_LEVEL = 0;
				GCC_PREPROCESSOR_DEFINITIONS = (
					"DEBUG=1",
					"$(inherited)",
				);
				GCC_WARN_64_TO_32_BIT_CONVERSION = YES;
				GCC_WARN_ABOUT_RETURN_TYPE = YES_ERROR;
				GCC_WARN_UNDECLARED_SELECTOR = YES;
				GCC_WARN_UNINITIALIZED_AUTOS = YES_AGGRESSIVE;
				GCC_WARN_UNUSED_FUNCTION = YES;
				GCC_WARN_UNUSED_VARIABLE = YES;
				LOCALIZATION_PREFERS_STRING_CATALOGS = YES;
				MTL_ENABLE_DEBUG_INFO = INCLUDE_SOURCE;
				MTL_FAST_MATH = YES;
				ONLY_ACTIVE_ARCH = YES;
				SWIFT_ACTIVE_COMPILATION_CONDITIONS = "DEBUG $(inherited)";
				SWIFT_OPTIMIZATION_LEVEL = "-Onone";
			};
			name = Debug;
		};
		501E95AE2A7AC36F00EF598D /* Release */ = {
			isa = XCBuildConfiguration;
			buildSettings = {
				ALWAYS_SEARCH_USER_PATHS = NO;
				ASSETCATALOG_COMPILER_GENERATE_SWIFT_ASSET_SYMBOL_EXTENSIONS = YES;
				CLANG_ANALYZER_NONNULL = YES;
				CLANG_ANALYZER_NUMBER_OBJECT_CONVERSION = YES_AGGRESSIVE;
				CLANG_CXX_LANGUAGE_STANDARD = "gnu++20";
				CLANG_ENABLE_MODULES = YES;
				CLANG_ENABLE_OBJC_ARC = YES;
				CLANG_ENABLE_OBJC_WEAK = YES;
				CLANG_WARN_BLOCK_CAPTURE_AUTORELEASING = YES;
				CLANG_WARN_BOOL_CONVERSION = YES;
				CLANG_WARN_COMMA = YES;
				CLANG_WARN_CONSTANT_CONVERSION = YES;
				CLANG_WARN_DEPRECATED_OBJC_IMPLEMENTATIONS = YES;
				CLANG_WARN_DIRECT_OBJC_ISA_USAGE = YES_ERROR;
				CLANG_WARN_DOCUMENTATION_COMMENTS = YES;
				CLANG_WARN_EMPTY_BODY = YES;
				CLANG_WARN_ENUM_CONVERSION = YES;
				CLANG_WARN_INFINITE_RECURSION = YES;
				CLANG_WARN_INT_CONVERSION = YES;
				CLANG_WARN_NON_LITERAL_NULL_CONVERSION = YES;
				CLANG_WARN_OBJC_IMPLICIT_RETAIN_SELF = YES;
				CLANG_WARN_OBJC_LITERAL_CONVERSION = YES;
				CLANG_WARN_OBJC_ROOT_CLASS = YES_ERROR;
				CLANG_WARN_QUOTED_INCLUDE_IN_FRAMEWORK_HEADER = YES;
				CLANG_WARN_RANGE_LOOP_ANALYSIS = YES;
				CLANG_WARN_STRICT_PROTOTYPES = YES;
				CLANG_WARN_SUSPICIOUS_MOVE = YES;
				CLANG_WARN_UNGUARDED_AVAILABILITY = YES_AGGRESSIVE;
				CLANG_WARN_UNREACHABLE_CODE = YES;
				CLANG_WARN__DUPLICATE_METHOD_MATCH = YES;
				COPY_PHASE_STRIP = NO;
				DEBUG_INFORMATION_FORMAT = "dwarf-with-dsym";
				ENABLE_NS_ASSERTIONS = NO;
				ENABLE_STRICT_OBJC_MSGSEND = YES;
				ENABLE_USER_SCRIPT_SANDBOXING = YES;
				GCC_C_LANGUAGE_STANDARD = gnu17;
				GCC_NO_COMMON_BLOCKS = YES;
				GCC_WARN_64_TO_32_BIT_CONVERSION = YES;
				GCC_WARN_ABOUT_RETURN_TYPE = YES_ERROR;
				GCC_WARN_UNDECLARED_SELECTOR = YES;
				GCC_WARN_UNINITIALIZED_AUTOS = YES_AGGRESSIVE;
				GCC_WARN_UNUSED_FUNCTION = YES;
				GCC_WARN_UNUSED_VARIABLE = YES;
				LOCALIZATION_PREFERS_STRING_CATALOGS = YES;
				MTL_ENABLE_DEBUG_INFO = NO;
				MTL_FAST_MATH = YES;
				SWIFT_COMPILATION_MODE = wholemodule;
			};
			name = Release;
		};
		501E95B02A7AC36F00EF598D /* Debug */ = {
			isa = XCBuildConfiguration;
			buildSettings = {
				ALWAYS_EMBED_SWIFT_STANDARD_LIBRARIES = YES;
				ASSETCATALOG_COMPILER_APPICON_NAME = AppIcon;
				ASSETCATALOG_COMPILER_GLOBAL_ACCENT_COLOR_NAME = AccentColor;
				CODE_SIGN_ENTITLEMENTS = "UAlerts EmgyKit/UAlerts_EmgyKit.entitlements";
				CODE_SIGN_STYLE = Automatic;
				CURRENT_PROJECT_VERSION = 1;
				DEVELOPMENT_ASSET_PATHS = "\"UAlerts EmgyKit/Preview Content\"";
				DEVELOPMENT_TEAM = N769D7USYT;
				ENABLE_HARDENED_RUNTIME = YES;
				ENABLE_PREVIEWS = YES;
				GENERATE_INFOPLIST_FILE = YES;
				"INFOPLIST_KEY_UIApplicationSceneManifest_Generation[sdk=iphoneos*]" = YES;
				"INFOPLIST_KEY_UIApplicationSceneManifest_Generation[sdk=iphonesimulator*]" = YES;
				"INFOPLIST_KEY_UIApplicationSupportsIndirectInputEvents[sdk=iphoneos*]" = YES;
				"INFOPLIST_KEY_UIApplicationSupportsIndirectInputEvents[sdk=iphonesimulator*]" = YES;
				"INFOPLIST_KEY_UILaunchScreen_Generation[sdk=iphoneos*]" = YES;
				"INFOPLIST_KEY_UILaunchScreen_Generation[sdk=iphonesimulator*]" = YES;
				"INFOPLIST_KEY_UIStatusBarStyle[sdk=iphoneos*]" = UIStatusBarStyleDefault;
				"INFOPLIST_KEY_UIStatusBarStyle[sdk=iphonesimulator*]" = UIStatusBarStyleDefault;
				INFOPLIST_KEY_UISupportedInterfaceOrientations_iPad = "UIInterfaceOrientationPortrait UIInterfaceOrientationPortraitUpsideDown UIInterfaceOrientationLandscapeLeft UIInterfaceOrientationLandscapeRight";
				INFOPLIST_KEY_UISupportedInterfaceOrientations_iPhone = "UIInterfaceOrientationPortrait UIInterfaceOrientationLandscapeLeft UIInterfaceOrientationLandscapeRight";
				IPHONEOS_DEPLOYMENT_TARGET = 17.0;
				LD_RUNPATH_SEARCH_PATHS = "@executable_path/Frameworks";
				"LD_RUNPATH_SEARCH_PATHS[sdk=macosx*]" = "@executable_path/../Frameworks";
				MACOSX_DEPLOYMENT_TARGET = 13.4;
				MARKETING_VERSION = 1.0;
				PRODUCT_BUNDLE_IDENTIFIER = "com.okrchv.UAlerts-EmgyKit";
				PRODUCT_NAME = "$(TARGET_NAME)";
				SDKROOT = auto;
				SUPPORTED_PLATFORMS = "iphoneos iphonesimulator macosx";
				SWIFT_EMIT_LOC_STRINGS = YES;
				SWIFT_VERSION = 5.0;
				TARGETED_DEVICE_FAMILY = "1,2";
			};
			name = Debug;
		};
		501E95B12A7AC36F00EF598D /* Release */ = {
			isa = XCBuildConfiguration;
			buildSettings = {
				ALWAYS_EMBED_SWIFT_STANDARD_LIBRARIES = YES;
				ASSETCATALOG_COMPILER_APPICON_NAME = AppIcon;
				ASSETCATALOG_COMPILER_GLOBAL_ACCENT_COLOR_NAME = AccentColor;
				CODE_SIGN_ENTITLEMENTS = "UAlerts EmgyKit/UAlerts_EmgyKit.entitlements";
				CODE_SIGN_STYLE = Automatic;
				CURRENT_PROJECT_VERSION = 1;
				DEVELOPMENT_ASSET_PATHS = "\"UAlerts EmgyKit/Preview Content\"";
				DEVELOPMENT_TEAM = N769D7USYT;
				ENABLE_HARDENED_RUNTIME = YES;
				ENABLE_PREVIEWS = YES;
				GENERATE_INFOPLIST_FILE = YES;
				"INFOPLIST_KEY_UIApplicationSceneManifest_Generation[sdk=iphoneos*]" = YES;
				"INFOPLIST_KEY_UIApplicationSceneManifest_Generation[sdk=iphonesimulator*]" = YES;
				"INFOPLIST_KEY_UIApplicationSupportsIndirectInputEvents[sdk=iphoneos*]" = YES;
				"INFOPLIST_KEY_UIApplicationSupportsIndirectInputEvents[sdk=iphonesimulator*]" = YES;
				"INFOPLIST_KEY_UILaunchScreen_Generation[sdk=iphoneos*]" = YES;
				"INFOPLIST_KEY_UILaunchScreen_Generation[sdk=iphonesimulator*]" = YES;
				"INFOPLIST_KEY_UIStatusBarStyle[sdk=iphoneos*]" = UIStatusBarStyleDefault;
				"INFOPLIST_KEY_UIStatusBarStyle[sdk=iphonesimulator*]" = UIStatusBarStyleDefault;
				INFOPLIST_KEY_UISupportedInterfaceOrientations_iPad = "UIInterfaceOrientationPortrait UIInterfaceOrientationPortraitUpsideDown UIInterfaceOrientationLandscapeLeft UIInterfaceOrientationLandscapeRight";
				INFOPLIST_KEY_UISupportedInterfaceOrientations_iPhone = "UIInterfaceOrientationPortrait UIInterfaceOrientationLandscapeLeft UIInterfaceOrientationLandscapeRight";
				IPHONEOS_DEPLOYMENT_TARGET = 17.0;
				LD_RUNPATH_SEARCH_PATHS = "@executable_path/Frameworks";
				"LD_RUNPATH_SEARCH_PATHS[sdk=macosx*]" = "@executable_path/../Frameworks";
				MACOSX_DEPLOYMENT_TARGET = 13.4;
				MARKETING_VERSION = 1.0;
				PRODUCT_BUNDLE_IDENTIFIER = "com.okrchv.UAlerts-EmgyKit";
				PRODUCT_NAME = "$(TARGET_NAME)";
				SDKROOT = auto;
				SUPPORTED_PLATFORMS = "iphoneos iphonesimulator macosx";
				SWIFT_EMIT_LOC_STRINGS = YES;
				SWIFT_VERSION = 5.0;
				TARGETED_DEVICE_FAMILY = "1,2";
			};
			name = Release;
		};
		501E95CC2A7AC40B00EF598D /* Debug */ = {
			isa = XCBuildConfiguration;
			buildSettings = {
				ASSETCATALOG_COMPILER_GLOBAL_ACCENT_COLOR_NAME = AccentColor;
				ASSETCATALOG_COMPILER_WIDGET_BACKGROUND_COLOR_NAME = WidgetBackground;
				CODE_SIGN_STYLE = Automatic;
				CURRENT_PROJECT_VERSION = 1;
				DEVELOPMENT_TEAM = N769D7USYT;
				GENERATE_INFOPLIST_FILE = YES;
				INFOPLIST_FILE = EmgyLive/Info.plist;
				INFOPLIST_KEY_CFBundleDisplayName = EmgyLive;
				INFOPLIST_KEY_NSHumanReadableCopyright = "";
				IPHONEOS_DEPLOYMENT_TARGET = 17.0;
				LD_RUNPATH_SEARCH_PATHS = (
					"$(inherited)",
					"@executable_path/Frameworks",
					"@executable_path/../../Frameworks",
				);
				MARKETING_VERSION = 1.0;
				PRODUCT_BUNDLE_IDENTIFIER = "com.okrchv.UAlerts-EmgyKit.EmgyLive";
				PRODUCT_NAME = "$(TARGET_NAME)";
				SDKROOT = iphoneos;
				SKIP_INSTALL = YES;
				SWIFT_EMIT_LOC_STRINGS = YES;
				SWIFT_VERSION = 5.0;
				TARGETED_DEVICE_FAMILY = "1,2";
			};
			name = Debug;
		};
		501E95CD2A7AC40B00EF598D /* Release */ = {
			isa = XCBuildConfiguration;
			buildSettings = {
				ASSETCATALOG_COMPILER_GLOBAL_ACCENT_COLOR_NAME = AccentColor;
				ASSETCATALOG_COMPILER_WIDGET_BACKGROUND_COLOR_NAME = WidgetBackground;
				CODE_SIGN_STYLE = Automatic;
				CURRENT_PROJECT_VERSION = 1;
				DEVELOPMENT_TEAM = N769D7USYT;
				GENERATE_INFOPLIST_FILE = YES;
				INFOPLIST_FILE = EmgyLive/Info.plist;
				INFOPLIST_KEY_CFBundleDisplayName = EmgyLive;
				INFOPLIST_KEY_NSHumanReadableCopyright = "";
				IPHONEOS_DEPLOYMENT_TARGET = 17.0;
				LD_RUNPATH_SEARCH_PATHS = (
					"$(inherited)",
					"@executable_path/Frameworks",
					"@executable_path/../../Frameworks",
				);
				MARKETING_VERSION = 1.0;
				PRODUCT_BUNDLE_IDENTIFIER = "com.okrchv.UAlerts-EmgyKit.EmgyLive";
				PRODUCT_NAME = "$(TARGET_NAME)";
				SDKROOT = iphoneos;
				SKIP_INSTALL = YES;
				SWIFT_EMIT_LOC_STRINGS = YES;
				SWIFT_VERSION = 5.0;
				TARGETED_DEVICE_FAMILY = "1,2";
				VALIDATE_PRODUCT = YES;
			};
			name = Release;
		};
/* End XCBuildConfiguration section */

/* Begin XCConfigurationList section */
		501E959B2A7AC36900EF598D /* Build configuration list for PBXProject "UAlerts EmgyKit" */ = {
			isa = XCConfigurationList;
			buildConfigurations = (
				501E95AD2A7AC36F00EF598D /* Debug */,
				501E95AE2A7AC36F00EF598D /* Release */,
			);
			defaultConfigurationIsVisible = 0;
			defaultConfigurationName = Release;
		};
		501E95AF2A7AC36F00EF598D /* Build configuration list for PBXNativeTarget "UAlerts EmgyKit" */ = {
			isa = XCConfigurationList;
			buildConfigurations = (
				501E95B02A7AC36F00EF598D /* Debug */,
				501E95B12A7AC36F00EF598D /* Release */,
			);
			defaultConfigurationIsVisible = 0;
			defaultConfigurationName = Release;
		};
		501E95CB2A7AC40B00EF598D /* Build configuration list for PBXNativeTarget "EmgyLiveExtension" */ = {
			isa = XCConfigurationList;
			buildConfigurations = (
				501E95CC2A7AC40B00EF598D /* Debug */,
				501E95CD2A7AC40B00EF598D /* Release */,
			);
			defaultConfigurationIsVisible = 0;
			defaultConfigurationName = Release;
		};
/* End XCConfigurationList section */
	};
	rootObject = 501E95982A7AC36900EF598D /* Project object */;
}
